// !$*UTF8*$!
{
	archiveVersion = 1;
	classes = {
	};
	objectVersion = 50;
	objects = {

/* Begin PBXBuildFile section */
		711526F420D2E74000D7DDA3 /* AppDelegate.swift in Sources */ = {isa = PBXBuildFile; fileRef = 711526F320D2E74000D7DDA3 /* AppDelegate.swift */; };
		711526F920D2E74000D7DDA3 /* Main.storyboard in Resources */ = {isa = PBXBuildFile; fileRef = 711526F720D2E74000D7DDA3 /* Main.storyboard */; };
		711526FC20D2E74000D7DDA3 /* CryptoCurrency.xcdatamodeld in Sources */ = {isa = PBXBuildFile; fileRef = 711526FA20D2E74000D7DDA3 /* CryptoCurrency.xcdatamodeld */; };
		711526FE20D2E74000D7DDA3 /* Assets.xcassets in Resources */ = {isa = PBXBuildFile; fileRef = 711526FD20D2E74000D7DDA3 /* Assets.xcassets */; };
		7115270120D2E74000D7DDA3 /* LaunchScreen.storyboard in Resources */ = {isa = PBXBuildFile; fileRef = 711526FF20D2E74000D7DDA3 /* LaunchScreen.storyboard */; };
		7115270C20D2E74000D7DDA3 /* CryptoCurrencyTests.swift in Sources */ = {isa = PBXBuildFile; fileRef = 7115270B20D2E74000D7DDA3 /* CryptoCurrencyTests.swift */; };
		7115271720D2E74000D7DDA3 /* CryptoCurrencyUITests.swift in Sources */ = {isa = PBXBuildFile; fileRef = 7115271620D2E74000D7DDA3 /* CryptoCurrencyUITests.swift */; };
		71831D9820D3FDF200327C0A /* TabBarController.storyboard in Resources */ = {isa = PBXBuildFile; fileRef = 71831D9720D3FDF200327C0A /* TabBarController.storyboard */; };
		71831D9A20D3FE0500327C0A /* TabBarController.swift in Sources */ = {isa = PBXBuildFile; fileRef = 71831D9920D3FE0500327C0A /* TabBarController.swift */; };
		71831D9C20D4005F00327C0A /* PopularCurrency.storyboard in Resources */ = {isa = PBXBuildFile; fileRef = 71831D9B20D4005F00327C0A /* PopularCurrency.storyboard */; };
		71831DA320D4155800327C0A /* Constants.swift in Sources */ = {isa = PBXBuildFile; fileRef = 71831DA220D4155800327C0A /* Constants.swift */; };
		71831DA520D415A700327C0A /* PopularCurrencyListTableViewController.swift in Sources */ = {isa = PBXBuildFile; fileRef = 71831DA420D415A700327C0A /* PopularCurrencyListTableViewController.swift */; };
		71831DA720D415F800327C0A /* PopularCurrencyTableViewCell.swift in Sources */ = {isa = PBXBuildFile; fileRef = 71831DA620D415F800327C0A /* PopularCurrencyTableViewCell.swift */; };
		71831DAD20D41FD700327C0A /* JSONResponse.swift in Sources */ = {isa = PBXBuildFile; fileRef = 71831DAC20D41FD700327C0A /* JSONResponse.swift */; };
		71831DAF20D4367700327C0A /* NetworkManager.swift in Sources */ = {isa = PBXBuildFile; fileRef = 71831DAE20D4367700327C0A /* NetworkManager.swift */; };
		71831DB120D7FC9D00327C0A /* CurrencyDetail.storyboard in Resources */ = {isa = PBXBuildFile; fileRef = 71831DB020D7FC9D00327C0A /* CurrencyDetail.storyboard */; };
		71831DB320D7FCD900327C0A /* CurrencyDetailViewController.swift in Sources */ = {isa = PBXBuildFile; fileRef = 71831DB220D7FCD900327C0A /* CurrencyDetailViewController.swift */; };
		71831DB520D962D700327C0A /* UIColorExt.swift in Sources */ = {isa = PBXBuildFile; fileRef = 71831DB420D962D700327C0A /* UIColorExt.swift */; };
		D47705C020D44BD400DA0464 /* UITextFieldExtension.swift in Sources */ = {isa = PBXBuildFile; fileRef = D47705BF20D44BD400DA0464 /* UITextFieldExtension.swift */; };
		D4AA047D20D412A20018BAA0 /* LoginViewController.swift in Sources */ = {isa = PBXBuildFile; fileRef = D4AA047C20D412A20018BAA0 /* LoginViewController.swift */; };
/* End PBXBuildFile section */

/* Begin PBXContainerItemProxy section */
		7115270820D2E74000D7DDA3 /* PBXContainerItemProxy */ = {
			isa = PBXContainerItemProxy;
			containerPortal = 711526E820D2E73F00D7DDA3 /* Project object */;
			proxyType = 1;
			remoteGlobalIDString = 711526EF20D2E74000D7DDA3;
			remoteInfo = CryptoCurrency;
		};
		7115271320D2E74000D7DDA3 /* PBXContainerItemProxy */ = {
			isa = PBXContainerItemProxy;
			containerPortal = 711526E820D2E73F00D7DDA3 /* Project object */;
			proxyType = 1;
			remoteGlobalIDString = 711526EF20D2E74000D7DDA3;
			remoteInfo = CryptoCurrency;
		};
/* End PBXContainerItemProxy section */

/* Begin PBXFileReference section */
		711526F020D2E74000D7DDA3 /* CryptoCurrency.app */ = {isa = PBXFileReference; explicitFileType = wrapper.application; includeInIndex = 0; path = CryptoCurrency.app; sourceTree = BUILT_PRODUCTS_DIR; };
		711526F320D2E74000D7DDA3 /* AppDelegate.swift */ = {isa = PBXFileReference; lastKnownFileType = sourcecode.swift; path = AppDelegate.swift; sourceTree = "<group>"; };
		711526F820D2E74000D7DDA3 /* Base */ = {isa = PBXFileReference; lastKnownFileType = file.storyboard; name = Base; path = Base.lproj/Main.storyboard; sourceTree = "<group>"; };
		711526FB20D2E74000D7DDA3 /* CryptoCurrency.xcdatamodel */ = {isa = PBXFileReference; lastKnownFileType = wrapper.xcdatamodel; path = CryptoCurrency.xcdatamodel; sourceTree = "<group>"; };
		711526FD20D2E74000D7DDA3 /* Assets.xcassets */ = {isa = PBXFileReference; lastKnownFileType = folder.assetcatalog; path = Assets.xcassets; sourceTree = "<group>"; };
		7115270020D2E74000D7DDA3 /* Base */ = {isa = PBXFileReference; lastKnownFileType = file.storyboard; name = Base; path = Base.lproj/LaunchScreen.storyboard; sourceTree = "<group>"; };
		7115270220D2E74000D7DDA3 /* Info.plist */ = {isa = PBXFileReference; lastKnownFileType = text.plist.xml; path = Info.plist; sourceTree = "<group>"; };
		7115270720D2E74000D7DDA3 /* CryptoCurrencyTests.xctest */ = {isa = PBXFileReference; explicitFileType = wrapper.cfbundle; includeInIndex = 0; path = CryptoCurrencyTests.xctest; sourceTree = BUILT_PRODUCTS_DIR; };
		7115270B20D2E74000D7DDA3 /* CryptoCurrencyTests.swift */ = {isa = PBXFileReference; lastKnownFileType = sourcecode.swift; path = CryptoCurrencyTests.swift; sourceTree = "<group>"; };
		7115270D20D2E74000D7DDA3 /* Info.plist */ = {isa = PBXFileReference; lastKnownFileType = text.plist.xml; path = Info.plist; sourceTree = "<group>"; };
		7115271220D2E74000D7DDA3 /* CryptoCurrencyUITests.xctest */ = {isa = PBXFileReference; explicitFileType = wrapper.cfbundle; includeInIndex = 0; path = CryptoCurrencyUITests.xctest; sourceTree = BUILT_PRODUCTS_DIR; };
		7115271620D2E74000D7DDA3 /* CryptoCurrencyUITests.swift */ = {isa = PBXFileReference; lastKnownFileType = sourcecode.swift; path = CryptoCurrencyUITests.swift; sourceTree = "<group>"; };
		7115271820D2E74000D7DDA3 /* Info.plist */ = {isa = PBXFileReference; lastKnownFileType = text.plist.xml; path = Info.plist; sourceTree = "<group>"; };
		71831D9720D3FDF200327C0A /* TabBarController.storyboard */ = {isa = PBXFileReference; lastKnownFileType = file.storyboard; path = TabBarController.storyboard; sourceTree = "<group>"; };
		71831D9920D3FE0500327C0A /* TabBarController.swift */ = {isa = PBXFileReference; lastKnownFileType = sourcecode.swift; path = TabBarController.swift; sourceTree = "<group>"; };
		71831D9B20D4005F00327C0A /* PopularCurrency.storyboard */ = {isa = PBXFileReference; lastKnownFileType = file.storyboard; path = PopularCurrency.storyboard; sourceTree = "<group>"; };
		71831DA220D4155800327C0A /* Constants.swift */ = {isa = PBXFileReference; lastKnownFileType = sourcecode.swift; path = Constants.swift; sourceTree = "<group>"; };
		71831DA420D415A700327C0A /* PopularCurrencyListTableViewController.swift */ = {isa = PBXFileReference; lastKnownFileType = sourcecode.swift; name = PopularCurrencyListTableViewController.swift; path = CryptoCurrency/Helpers/PopularCurrencyListTableViewController.swift; sourceTree = SOURCE_ROOT; };
		71831DA620D415F800327C0A /* PopularCurrencyTableViewCell.swift */ = {isa = PBXFileReference; lastKnownFileType = sourcecode.swift; path = PopularCurrencyTableViewCell.swift; sourceTree = "<group>"; };
		71831DAC20D41FD700327C0A /* JSONResponse.swift */ = {isa = PBXFileReference; lastKnownFileType = sourcecode.swift; path = JSONResponse.swift; sourceTree = "<group>"; };
		71831DAE20D4367700327C0A /* NetworkManager.swift */ = {isa = PBXFileReference; lastKnownFileType = sourcecode.swift; path = NetworkManager.swift; sourceTree = "<group>"; };
		71831DB020D7FC9D00327C0A /* CurrencyDetail.storyboard */ = {isa = PBXFileReference; lastKnownFileType = file.storyboard; path = CurrencyDetail.storyboard; sourceTree = "<group>"; };
		71831DB220D7FCD900327C0A /* CurrencyDetailViewController.swift */ = {isa = PBXFileReference; lastKnownFileType = sourcecode.swift; name = CurrencyDetailViewController.swift; path = CryptoCurrency/Storyboards/CurrencyDetailViewController.swift; sourceTree = SOURCE_ROOT; };
		71831DB420D962D700327C0A /* UIColorExt.swift */ = {isa = PBXFileReference; lastKnownFileType = sourcecode.swift; path = UIColorExt.swift; sourceTree = "<group>"; };
		D47705BF20D44BD400DA0464 /* UITextFieldExtension.swift */ = {isa = PBXFileReference; lastKnownFileType = sourcecode.swift; path = UITextFieldExtension.swift; sourceTree = "<group>"; };
		D4AA047C20D412A20018BAA0 /* LoginViewController.swift */ = {isa = PBXFileReference; lastKnownFileType = sourcecode.swift; name = LoginViewController.swift; path = CryptoCurrency/Storyboards/LoginViewController.swift; sourceTree = SOURCE_ROOT; };
/* End PBXFileReference section */

/* Begin PBXFrameworksBuildPhase section */
		711526ED20D2E74000D7DDA3 /* Frameworks */ = {
			isa = PBXFrameworksBuildPhase;
			buildActionMask = 2147483647;
			files = (
			);
			runOnlyForDeploymentPostprocessing = 0;
		};
		7115270420D2E74000D7DDA3 /* Frameworks */ = {
			isa = PBXFrameworksBuildPhase;
			buildActionMask = 2147483647;
			files = (
			);
			runOnlyForDeploymentPostprocessing = 0;
		};
		7115270F20D2E74000D7DDA3 /* Frameworks */ = {
			isa = PBXFrameworksBuildPhase;
			buildActionMask = 2147483647;
			files = (
			);
			runOnlyForDeploymentPostprocessing = 0;
		};
/* End PBXFrameworksBuildPhase section */

/* Begin PBXGroup section */
		711526E720D2E73F00D7DDA3 = {
			isa = PBXGroup;
			children = (
				711526F220D2E74000D7DDA3 /* CryptoCurrency */,
				7115270A20D2E74000D7DDA3 /* CryptoCurrencyTests */,
				7115271520D2E74000D7DDA3 /* CryptoCurrencyUITests */,
				711526F120D2E74000D7DDA3 /* Products */,
			);
			sourceTree = "<group>";
		};
		711526F120D2E74000D7DDA3 /* Products */ = {
			isa = PBXGroup;
			children = (
				711526F020D2E74000D7DDA3 /* CryptoCurrency.app */,
				7115270720D2E74000D7DDA3 /* CryptoCurrencyTests.xctest */,
				7115271220D2E74000D7DDA3 /* CryptoCurrencyUITests.xctest */,
			);
			name = Products;
			sourceTree = "<group>";
		};
		711526F220D2E74000D7DDA3 /* CryptoCurrency */ = {
			isa = PBXGroup;
			children = (
				D47705BE20D44BBB00DA0464 /* Extensions */,
				7115272A20D2E9E800D7DDA3 /* Helpers */,
				7115272920D2E9E400D7DDA3 /* Models */,
				7115272820D2E9DD00D7DDA3 /* ModelControllers */,
				7115272720D2E9DA00D7DDA3 /* Views */,
				7115272620D2E9D400D7DDA3 /* ViewControllers */,
				7115272520D2E9CD00D7DDA3 /* Resources */,
				71831D9F20D4095300327C0A /* Storyboards */,
				7115270220D2E74000D7DDA3 /* Info.plist */,
			);
			path = CryptoCurrency;
			sourceTree = "<group>";
		};
		7115270A20D2E74000D7DDA3 /* CryptoCurrencyTests */ = {
			isa = PBXGroup;
			children = (
				7115270B20D2E74000D7DDA3 /* CryptoCurrencyTests.swift */,
				7115270D20D2E74000D7DDA3 /* Info.plist */,
			);
			path = CryptoCurrencyTests;
			sourceTree = "<group>";
		};
		7115271520D2E74000D7DDA3 /* CryptoCurrencyUITests */ = {
			isa = PBXGroup;
			children = (
				7115271620D2E74000D7DDA3 /* CryptoCurrencyUITests.swift */,
				7115271820D2E74000D7DDA3 /* Info.plist */,
			);
			path = CryptoCurrencyUITests;
			sourceTree = "<group>";
		};
		7115272520D2E9CD00D7DDA3 /* Resources */ = {
			isa = PBXGroup;
			children = (
				711526F320D2E74000D7DDA3 /* AppDelegate.swift */,
				711526FD20D2E74000D7DDA3 /* Assets.xcassets */,
				711526FF20D2E74000D7DDA3 /* LaunchScreen.storyboard */,
				711526FA20D2E74000D7DDA3 /* CryptoCurrency.xcdatamodeld */,
			);
			path = Resources;
			sourceTree = "<group>";
		};
		7115272620D2E9D400D7DDA3 /* ViewControllers */ = {
			isa = PBXGroup;
			children = (
				D4AA047C20D412A20018BAA0 /* LoginViewController.swift */,
				71831DA420D415A700327C0A /* PopularCurrencyListTableViewController.swift */,
				71831DB220D7FCD900327C0A /* CurrencyDetailViewController.swift */,
			);
			path = ViewControllers;
			sourceTree = "<group>";
		};
		7115272720D2E9DA00D7DDA3 /* Views */ = {
			isa = PBXGroup;
			children = (
				71831DA620D415F800327C0A /* PopularCurrencyTableViewCell.swift */,
			);
			path = Views;
			sourceTree = "<group>";
		};
		7115272820D2E9DD00D7DDA3 /* ModelControllers */ = {
			isa = PBXGroup;
			children = (
			);
			path = ModelControllers;
			sourceTree = "<group>";
		};
		7115272920D2E9E400D7DDA3 /* Models */ = {
			isa = PBXGroup;
			children = (
				71831DAC20D41FD700327C0A /* JSONResponse.swift */,
			);
			path = Models;
			sourceTree = "<group>";
		};
		7115272A20D2E9E800D7DDA3 /* Helpers */ = {
			isa = PBXGroup;
			children = (
				71831D9920D3FE0500327C0A /* TabBarController.swift */,
				71831DA220D4155800327C0A /* Constants.swift */,
				71831DAE20D4367700327C0A /* NetworkManager.swift */,
			);
			path = Helpers;
			sourceTree = "<group>";
		};
		71831D9F20D4095300327C0A /* Storyboards */ = {
			isa = PBXGroup;
			children = (
				711526F720D2E74000D7DDA3 /* Main.storyboard */,
				71831D9B20D4005F00327C0A /* PopularCurrency.storyboard */,
				71831D9720D3FDF200327C0A /* TabBarController.storyboard */,
				71831DB020D7FC9D00327C0A /* CurrencyDetail.storyboard */,
			);
			path = Storyboards;
			sourceTree = "<group>";
		};
		D47705BE20D44BBB00DA0464 /* Extensions */ = {
			isa = PBXGroup;
			children = (
				D47705BF20D44BD400DA0464 /* UITextFieldExtension.swift */,
				71831DB420D962D700327C0A /* UIColorExt.swift */,
			);
			path = Extensions;
			sourceTree = "<group>";
		};
/* End PBXGroup section */

/* Begin PBXNativeTarget section */
		711526EF20D2E74000D7DDA3 /* CryptoCurrency */ = {
			isa = PBXNativeTarget;
			buildConfigurationList = 7115271B20D2E74000D7DDA3 /* Build configuration list for PBXNativeTarget "CryptoCurrency" */;
			buildPhases = (
				711526EC20D2E74000D7DDA3 /* Sources */,
				711526ED20D2E74000D7DDA3 /* Frameworks */,
				711526EE20D2E74000D7DDA3 /* Resources */,
			);
			buildRules = (
			);
			dependencies = (
			);
			name = CryptoCurrency;
			productName = CryptoCurrency;
			productReference = 711526F020D2E74000D7DDA3 /* CryptoCurrency.app */;
			productType = "com.apple.product-type.application";
		};
		7115270620D2E74000D7DDA3 /* CryptoCurrencyTests */ = {
			isa = PBXNativeTarget;
			buildConfigurationList = 7115271E20D2E74000D7DDA3 /* Build configuration list for PBXNativeTarget "CryptoCurrencyTests" */;
			buildPhases = (
				7115270320D2E74000D7DDA3 /* Sources */,
				7115270420D2E74000D7DDA3 /* Frameworks */,
				7115270520D2E74000D7DDA3 /* Resources */,
			);
			buildRules = (
			);
			dependencies = (
				7115270920D2E74000D7DDA3 /* PBXTargetDependency */,
			);
			name = CryptoCurrencyTests;
			productName = CryptoCurrencyTests;
			productReference = 7115270720D2E74000D7DDA3 /* CryptoCurrencyTests.xctest */;
			productType = "com.apple.product-type.bundle.unit-test";
		};
		7115271120D2E74000D7DDA3 /* CryptoCurrencyUITests */ = {
			isa = PBXNativeTarget;
			buildConfigurationList = 7115272120D2E74000D7DDA3 /* Build configuration list for PBXNativeTarget "CryptoCurrencyUITests" */;
			buildPhases = (
				7115270E20D2E74000D7DDA3 /* Sources */,
				7115270F20D2E74000D7DDA3 /* Frameworks */,
				7115271020D2E74000D7DDA3 /* Resources */,
			);
			buildRules = (
			);
			dependencies = (
				7115271420D2E74000D7DDA3 /* PBXTargetDependency */,
			);
			name = CryptoCurrencyUITests;
			productName = CryptoCurrencyUITests;
			productReference = 7115271220D2E74000D7DDA3 /* CryptoCurrencyUITests.xctest */;
			productType = "com.apple.product-type.bundle.ui-testing";
		};
/* End PBXNativeTarget section */

/* Begin PBXProject section */
		711526E820D2E73F00D7DDA3 /* Project object */ = {
			isa = PBXProject;
			attributes = {
				LastSwiftUpdateCheck = 0940;
				LastUpgradeCheck = 0940;
				ORGANIZATIONNAME = "Kaitlyn Barker";
				TargetAttributes = {
					711526EF20D2E74000D7DDA3 = {
						CreatedOnToolsVersion = 9.4;
					};
					7115270620D2E74000D7DDA3 = {
						CreatedOnToolsVersion = 9.4;
						TestTargetID = 711526EF20D2E74000D7DDA3;
					};
					7115271120D2E74000D7DDA3 = {
						CreatedOnToolsVersion = 9.4;
						TestTargetID = 711526EF20D2E74000D7DDA3;
					};
				};
			};
			buildConfigurationList = 711526EB20D2E73F00D7DDA3 /* Build configuration list for PBXProject "CryptoCurrency" */;
			compatibilityVersion = "Xcode 9.3";
			developmentRegion = en;
			hasScannedForEncodings = 0;
			knownRegions = (
				en,
				Base,
			);
			mainGroup = 711526E720D2E73F00D7DDA3;
			productRefGroup = 711526F120D2E74000D7DDA3 /* Products */;
			projectDirPath = "";
			projectRoot = "";
			targets = (
				711526EF20D2E74000D7DDA3 /* CryptoCurrency */,
				7115270620D2E74000D7DDA3 /* CryptoCurrencyTests */,
				7115271120D2E74000D7DDA3 /* CryptoCurrencyUITests */,
			);
		};
/* End PBXProject section */

/* Begin PBXResourcesBuildPhase section */
		711526EE20D2E74000D7DDA3 /* Resources */ = {
			isa = PBXResourcesBuildPhase;
			buildActionMask = 2147483647;
			files = (
				71831D9C20D4005F00327C0A /* PopularCurrency.storyboard in Resources */,
				7115270120D2E74000D7DDA3 /* LaunchScreen.storyboard in Resources */,
				71831DB120D7FC9D00327C0A /* CurrencyDetail.storyboard in Resources */,
				711526FE20D2E74000D7DDA3 /* Assets.xcassets in Resources */,
				71831D9820D3FDF200327C0A /* TabBarController.storyboard in Resources */,
				711526F920D2E74000D7DDA3 /* Main.storyboard in Resources */,
			);
			runOnlyForDeploymentPostprocessing = 0;
		};
		7115270520D2E74000D7DDA3 /* Resources */ = {
			isa = PBXResourcesBuildPhase;
			buildActionMask = 2147483647;
			files = (
			);
			runOnlyForDeploymentPostprocessing = 0;
		};
		7115271020D2E74000D7DDA3 /* Resources */ = {
			isa = PBXResourcesBuildPhase;
			buildActionMask = 2147483647;
			files = (
			);
			runOnlyForDeploymentPostprocessing = 0;
		};
/* End PBXResourcesBuildPhase section */

/* Begin PBXSourcesBuildPhase section */
		711526EC20D2E74000D7DDA3 /* Sources */ = {
			isa = PBXSourcesBuildPhase;
			buildActionMask = 2147483647;
			files = (
				71831DAF20D4367700327C0A /* NetworkManager.swift in Sources */,
				71831DB520D962D700327C0A /* UIColorExt.swift in Sources */,
				71831DB320D7FCD900327C0A /* CurrencyDetailViewController.swift in Sources */,
				D4AA047D20D412A20018BAA0 /* LoginViewController.swift in Sources */,
				D47705C020D44BD400DA0464 /* UITextFieldExtension.swift in Sources */,
				71831D9A20D3FE0500327C0A /* TabBarController.swift in Sources */,
				711526F420D2E74000D7DDA3 /* AppDelegate.swift in Sources */,
				71831DA720D415F800327C0A /* PopularCurrencyTableViewCell.swift in Sources */,
				711526FC20D2E74000D7DDA3 /* CryptoCurrency.xcdatamodeld in Sources */,
				71831DA320D4155800327C0A /* Constants.swift in Sources */,
				71831DAD20D41FD700327C0A /* JSONResponse.swift in Sources */,
				71831DA520D415A700327C0A /* PopularCurrencyListTableViewController.swift in Sources */,
			);
			runOnlyForDeploymentPostprocessing = 0;
		};
		7115270320D2E74000D7DDA3 /* Sources */ = {
			isa = PBXSourcesBuildPhase;
			buildActionMask = 2147483647;
			files = (
				7115270C20D2E74000D7DDA3 /* CryptoCurrencyTests.swift in Sources */,
			);
			runOnlyForDeploymentPostprocessing = 0;
		};
		7115270E20D2E74000D7DDA3 /* Sources */ = {
			isa = PBXSourcesBuildPhase;
			buildActionMask = 2147483647;
			files = (
				7115271720D2E74000D7DDA3 /* CryptoCurrencyUITests.swift in Sources */,
			);
			runOnlyForDeploymentPostprocessing = 0;
		};
/* End PBXSourcesBuildPhase section */

/* Begin PBXTargetDependency section */
		7115270920D2E74000D7DDA3 /* PBXTargetDependency */ = {
			isa = PBXTargetDependency;
			target = 711526EF20D2E74000D7DDA3 /* CryptoCurrency */;
			targetProxy = 7115270820D2E74000D7DDA3 /* PBXContainerItemProxy */;
		};
		7115271420D2E74000D7DDA3 /* PBXTargetDependency */ = {
			isa = PBXTargetDependency;
			target = 711526EF20D2E74000D7DDA3 /* CryptoCurrency */;
			targetProxy = 7115271320D2E74000D7DDA3 /* PBXContainerItemProxy */;
		};
/* End PBXTargetDependency section */

/* Begin PBXVariantGroup section */
		711526F720D2E74000D7DDA3 /* Main.storyboard */ = {
			isa = PBXVariantGroup;
			children = (
				711526F820D2E74000D7DDA3 /* Base */,
			);
			name = Main.storyboard;
			sourceTree = "<group>";
		};
		711526FF20D2E74000D7DDA3 /* LaunchScreen.storyboard */ = {
			isa = PBXVariantGroup;
			children = (
				7115270020D2E74000D7DDA3 /* Base */,
			);
			name = LaunchScreen.storyboard;
			sourceTree = "<group>";
		};
/* End PBXVariantGroup section */

/* Begin XCBuildConfiguration section */
		7115271920D2E74000D7DDA3 /* Debug */ = {
			isa = XCBuildConfiguration;
			buildSettings = {
				ALWAYS_SEARCH_USER_PATHS = NO;
				CLANG_ANALYZER_NONNULL = YES;
				CLANG_ANALYZER_NUMBER_OBJECT_CONVERSION = YES_AGGRESSIVE;
				CLANG_CXX_LANGUAGE_STANDARD = "gnu++14";
				CLANG_CXX_LIBRARY = "libc++";
				CLANG_ENABLE_MODULES = YES;
				CLANG_ENABLE_OBJC_ARC = YES;
				CLANG_ENABLE_OBJC_WEAK = YES;
				CLANG_WARN_BLOCK_CAPTURE_AUTORELEASING = YES;
				CLANG_WARN_BOOL_CONVERSION = YES;
				CLANG_WARN_COMMA = YES;
				CLANG_WARN_CONSTANT_CONVERSION = YES;
				CLANG_WARN_DEPRECATED_OBJC_IMPLEMENTATIONS = YES;
				CLANG_WARN_DIRECT_OBJC_ISA_USAGE = YES_ERROR;
				CLANG_WARN_DOCUMENTATION_COMMENTS = YES;
				CLANG_WARN_EMPTY_BODY = YES;
				CLANG_WARN_ENUM_CONVERSION = YES;
				CLANG_WARN_INFINITE_RECURSION = YES;
				CLANG_WARN_INT_CONVERSION = YES;
				CLANG_WARN_NON_LITERAL_NULL_CONVERSION = YES;
				CLANG_WARN_OBJC_IMPLICIT_RETAIN_SELF = YES;
				CLANG_WARN_OBJC_LITERAL_CONVERSION = YES;
				CLANG_WARN_OBJC_ROOT_CLASS = YES_ERROR;
				CLANG_WARN_RANGE_LOOP_ANALYSIS = YES;
				CLANG_WARN_STRICT_PROTOTYPES = YES;
				CLANG_WARN_SUSPICIOUS_MOVE = YES;
				CLANG_WARN_UNGUARDED_AVAILABILITY = YES_AGGRESSIVE;
				CLANG_WARN_UNREACHABLE_CODE = YES;
				CLANG_WARN__DUPLICATE_METHOD_MATCH = YES;
				CODE_SIGN_IDENTITY = "iPhone Developer";
				COPY_PHASE_STRIP = NO;
				DEBUG_INFORMATION_FORMAT = dwarf;
				ENABLE_STRICT_OBJC_MSGSEND = YES;
				ENABLE_TESTABILITY = YES;
				GCC_C_LANGUAGE_STANDARD = gnu11;
				GCC_DYNAMIC_NO_PIC = NO;
				GCC_NO_COMMON_BLOCKS = YES;
				GCC_OPTIMIZATION_LEVEL = 0;
				GCC_PREPROCESSOR_DEFINITIONS = (
					"DEBUG=1",
					"$(inherited)",
				);
				GCC_WARN_64_TO_32_BIT_CONVERSION = YES;
				GCC_WARN_ABOUT_RETURN_TYPE = YES_ERROR;
				GCC_WARN_UNDECLARED_SELECTOR = YES;
				GCC_WARN_UNINITIALIZED_AUTOS = YES_AGGRESSIVE;
				GCC_WARN_UNUSED_FUNCTION = YES;
				GCC_WARN_UNUSED_VARIABLE = YES;
				IPHONEOS_DEPLOYMENT_TARGET = 11.4;
				MTL_ENABLE_DEBUG_INFO = YES;
				ONLY_ACTIVE_ARCH = YES;
				SDKROOT = iphoneos;
				SWIFT_ACTIVE_COMPILATION_CONDITIONS = DEBUG;
				SWIFT_OPTIMIZATION_LEVEL = "-Onone";
			};
			name = Debug;
		};
		7115271A20D2E74000D7DDA3 /* Release */ = {
			isa = XCBuildConfiguration;
			buildSettings = {
				ALWAYS_SEARCH_USER_PATHS = NO;
				CLANG_ANALYZER_NONNULL = YES;
				CLANG_ANALYZER_NUMBER_OBJECT_CONVERSION = YES_AGGRESSIVE;
				CLANG_CXX_LANGUAGE_STANDARD = "gnu++14";
				CLANG_CXX_LIBRARY = "libc++";
				CLANG_ENABLE_MODULES = YES;
				CLANG_ENABLE_OBJC_ARC = YES;
				CLANG_ENABLE_OBJC_WEAK = YES;
				CLANG_WARN_BLOCK_CAPTURE_AUTORELEASING = YES;
				CLANG_WARN_BOOL_CONVERSION = YES;
				CLANG_WARN_COMMA = YES;
				CLANG_WARN_CONSTANT_CONVERSION = YES;
				CLANG_WARN_DEPRECATED_OBJC_IMPLEMENTATIONS = YES;
				CLANG_WARN_DIRECT_OBJC_ISA_USAGE = YES_ERROR;
				CLANG_WARN_DOCUMENTATION_COMMENTS = YES;
				CLANG_WARN_EMPTY_BODY = YES;
				CLANG_WARN_ENUM_CONVERSION = YES;
				CLANG_WARN_INFINITE_RECURSION = YES;
				CLANG_WARN_INT_CONVERSION = YES;
				CLANG_WARN_NON_LITERAL_NULL_CONVERSION = YES;
				CLANG_WARN_OBJC_IMPLICIT_RETAIN_SELF = YES;
				CLANG_WARN_OBJC_LITERAL_CONVERSION = YES;
				CLANG_WARN_OBJC_ROOT_CLASS = YES_ERROR;
				CLANG_WARN_RANGE_LOOP_ANALYSIS = YES;
				CLANG_WARN_STRICT_PROTOTYPES = YES;
				CLANG_WARN_SUSPICIOUS_MOVE = YES;
				CLANG_WARN_UNGUARDED_AVAILABILITY = YES_AGGRESSIVE;
				CLANG_WARN_UNREACHABLE_CODE = YES;
				CLANG_WARN__DUPLICATE_METHOD_MATCH = YES;
				CODE_SIGN_IDENTITY = "iPhone Developer";
				COPY_PHASE_STRIP = NO;
				DEBUG_INFORMATION_FORMAT = "dwarf-with-dsym";
				ENABLE_NS_ASSERTIONS = NO;
				ENABLE_STRICT_OBJC_MSGSEND = YES;
				GCC_C_LANGUAGE_STANDARD = gnu11;
				GCC_NO_COMMON_BLOCKS = YES;
				GCC_WARN_64_TO_32_BIT_CONVERSION = YES;
				GCC_WARN_ABOUT_RETURN_TYPE = YES_ERROR;
				GCC_WARN_UNDECLARED_SELECTOR = YES;
				GCC_WARN_UNINITIALIZED_AUTOS = YES_AGGRESSIVE;
				GCC_WARN_UNUSED_FUNCTION = YES;
				GCC_WARN_UNUSED_VARIABLE = YES;
				IPHONEOS_DEPLOYMENT_TARGET = 11.4;
				MTL_ENABLE_DEBUG_INFO = NO;
				SDKROOT = iphoneos;
				SWIFT_COMPILATION_MODE = wholemodule;
				SWIFT_OPTIMIZATION_LEVEL = "-O";
				VALIDATE_PRODUCT = YES;
			};
			name = Release;
		};
		7115271C20D2E74000D7DDA3 /* Debug */ = {
			isa = XCBuildConfiguration;
			buildSettings = {
				ASSETCATALOG_COMPILER_APPICON_NAME = AppIcon;
				CODE_SIGN_STYLE = Automatic;
				DEVELOPMENT_TEAM = RNFZPCD4YL;
				INFOPLIST_FILE = CryptoCurrency/Info.plist;
				LD_RUNPATH_SEARCH_PATHS = (
					"$(inherited)",
					"@executable_path/Frameworks",
				);
				PRODUCT_BUNDLE_IDENTIFIER = com.kaitlynbarker.CryptoCurrency;
				PRODUCT_NAME = "$(TARGET_NAME)";
				SWIFT_VERSION = 4.0;
				TARGETED_DEVICE_FAMILY = "1,2";
			};
			name = Debug;
		};
		7115271D20D2E74000D7DDA3 /* Release */ = {
			isa = XCBuildConfiguration;
			buildSettings = {
				ASSETCATALOG_COMPILER_APPICON_NAME = AppIcon;
				CODE_SIGN_STYLE = Automatic;
				DEVELOPMENT_TEAM = RNFZPCD4YL;
				INFOPLIST_FILE = CryptoCurrency/Info.plist;
				LD_RUNPATH_SEARCH_PATHS = (
					"$(inherited)",
					"@executable_path/Frameworks",
				);
				PRODUCT_BUNDLE_IDENTIFIER = com.kaitlynbarker.CryptoCurrency;
				PRODUCT_NAME = "$(TARGET_NAME)";
				SWIFT_VERSION = 4.0;
				TARGETED_DEVICE_FAMILY = "1,2";
			};
			name = Release;
		};
		7115271F20D2E74000D7DDA3 /* Debug */ = {
			isa = XCBuildConfiguration;
			buildSettings = {
				ALWAYS_EMBED_SWIFT_STANDARD_LIBRARIES = YES;
				BUNDLE_LOADER = "$(TEST_HOST)";
				CODE_SIGN_STYLE = Automatic;
				DEVELOPMENT_TEAM = RNFZPCD4YL;
				INFOPLIST_FILE = CryptoCurrencyTests/Info.plist;
				LD_RUNPATH_SEARCH_PATHS = (
					"$(inherited)",
					"@executable_path/Frameworks",
					"@loader_path/Frameworks",
				);
				PRODUCT_BUNDLE_IDENTIFIER = com.kaitlynbarker.CryptoCurrencyTests;
				PRODUCT_NAME = "$(TARGET_NAME)";
				SWIFT_VERSION = 4.0;
				TARGETED_DEVICE_FAMILY = "1,2";
				TEST_HOST = "$(BUILT_PRODUCTS_DIR)/CryptoCurrency.app/CryptoCurrency";
			};
			name = Debug;
		};
		7115272020D2E74000D7DDA3 /* Release */ = {
			isa = XCBuildConfiguration;
			buildSettings = {
				ALWAYS_EMBED_SWIFT_STANDARD_LIBRARIES = YES;
				BUNDLE_LOADER = "$(TEST_HOST)";
				CODE_SIGN_STYLE = Automatic;
				DEVELOPMENT_TEAM = RNFZPCD4YL;
				INFOPLIST_FILE = CryptoCurrencyTests/Info.plist;
				LD_RUNPATH_SEARCH_PATHS = (
					"$(inherited)",
					"@executable_path/Frameworks",
					"@loader_path/Frameworks",
				);
				PRODUCT_BUNDLE_IDENTIFIER = com.kaitlynbarker.CryptoCurrencyTests;
				PRODUCT_NAME = "$(TARGET_NAME)";
				SWIFT_VERSION = 4.0;
				TARGETED_DEVICE_FAMILY = "1,2";
				TEST_HOST = "$(BUILT_PRODUCTS_DIR)/CryptoCurrency.app/CryptoCurrency";
			};
			name = Release;
		};
		7115272220D2E74000D7DDA3 /* Debug */ = {
			isa = XCBuildConfiguration;
			buildSettings = {
				ALWAYS_EMBED_SWIFT_STANDARD_LIBRARIES = YES;
				CODE_SIGN_STYLE = Automatic;
				DEVELOPMENT_TEAM = RNFZPCD4YL;
				INFOPLIST_FILE = CryptoCurrencyUITests/Info.plist;
				LD_RUNPATH_SEARCH_PATHS = (
					"$(inherited)",
					"@executable_path/Frameworks",
					"@loader_path/Frameworks",
				);
				PRODUCT_BUNDLE_IDENTIFIER = com.kaitlynbarker.CryptoCurrencyUITests;
				PRODUCT_NAME = "$(TARGET_NAME)";
				SWIFT_VERSION = 4.0;
				TARGETED_DEVICE_FAMILY = "1,2";
				TEST_TARGET_NAME = CryptoCurrency;
			};
			name = Debug;
		};
		7115272320D2E74000D7DDA3 /* Release */ = {
			isa = XCBuildConfiguration;
			buildSettings = {
				ALWAYS_EMBED_SWIFT_STANDARD_LIBRARIES = YES;
				CODE_SIGN_STYLE = Automatic;
				DEVELOPMENT_TEAM = RNFZPCD4YL;
				INFOPLIST_FILE = CryptoCurrencyUITests/Info.plist;
				LD_RUNPATH_SEARCH_PATHS = (
					"$(inherited)",
					"@executable_path/Frameworks",
					"@loader_path/Frameworks",
				);
				PRODUCT_BUNDLE_IDENTIFIER = com.kaitlynbarker.CryptoCurrencyUITests;
				PRODUCT_NAME = "$(TARGET_NAME)";
				SWIFT_VERSION = 4.0;
				TARGETED_DEVICE_FAMILY = "1,2";
				TEST_TARGET_NAME = CryptoCurrency;
			};
			name = Release;
		};
/* End XCBuildConfiguration section */

/* Begin XCConfigurationList section */
		711526EB20D2E73F00D7DDA3 /* Build configuration list for PBXProject "CryptoCurrency" */ = {
			isa = XCConfigurationList;
			buildConfigurations = (
				7115271920D2E74000D7DDA3 /* Debug */,
				7115271A20D2E74000D7DDA3 /* Release */,
			);
			defaultConfigurationIsVisible = 0;
			defaultConfigurationName = Release;
		};
		7115271B20D2E74000D7DDA3 /* Build configuration list for PBXNativeTarget "CryptoCurrency" */ = {
			isa = XCConfigurationList;
			buildConfigurations = (
				7115271C20D2E74000D7DDA3 /* Debug */,
				7115271D20D2E74000D7DDA3 /* Release */,
			);
			defaultConfigurationIsVisible = 0;
			defaultConfigurationName = Release;
		};
		7115271E20D2E74000D7DDA3 /* Build configuration list for PBXNativeTarget "CryptoCurrencyTests" */ = {
			isa = XCConfigurationList;
			buildConfigurations = (
				7115271F20D2E74000D7DDA3 /* Debug */,
				7115272020D2E74000D7DDA3 /* Release */,
			);
			defaultConfigurationIsVisible = 0;
			defaultConfigurationName = Release;
		};
		7115272120D2E74000D7DDA3 /* Build configuration list for PBXNativeTarget "CryptoCurrencyUITests" */ = {
			isa = XCConfigurationList;
			buildConfigurations = (
				7115272220D2E74000D7DDA3 /* Debug */,
				7115272320D2E74000D7DDA3 /* Release */,
			);
			defaultConfigurationIsVisible = 0;
			defaultConfigurationName = Release;
		};
/* End XCConfigurationList section */

/* Begin XCVersionGroup section */
		711526FA20D2E74000D7DDA3 /* CryptoCurrency.xcdatamodeld */ = {
			isa = XCVersionGroup;
			children = (
				711526FB20D2E74000D7DDA3 /* CryptoCurrency.xcdatamodel */,
			);
			currentVersion = 711526FB20D2E74000D7DDA3 /* CryptoCurrency.xcdatamodel */;
			path = CryptoCurrency.xcdatamodeld;
			sourceTree = "<group>";
			versionGroupType = wrapper.xcdatamodel;
		};
/* End XCVersionGroup section */
	};
	rootObject = 711526E820D2E73F00D7DDA3 /* Project object */;
}
